
Microsoft Visual Studio Solution File, Format Version 12.00
# Visual Studio Version 16
VisualStudioVersion = 16.0.29418.71
MinimumVisualStudioVersion = 10.0.40219.1
Project("{FAE04EC0-301F-11D3-BF4B-00C04F79EFBC}") = "WebApplication1", "WebApplication1\WebApplication1.csproj", "{9EED057C-55A4-448B-BB69-AB90044FCA44}"
EndProject
Global
	GlobalSection(SolutionConfigurationPlatforms) = preSolution
		Debug|Any CPU = Debug|Any CPU
		Release|Any CPU = Release|Any CPU
	EndGlobalSection
	GlobalSection(ProjectConfigurationPlatforms) = postSolution
		{9EED057C-55A4-448B-BB69-AB90044FCA44}.Debug|Any CPU.ActiveCfg = Debug|Any CPU
		{9EED057C-55A4-448B-BB69-AB90044FCA44}.Debug|Any CPU.Build.0 = Debug|Any CPU
		{9EED057C-55A4-448B-BB69-AB90044FCA44}.Release|Any CPU.ActiveCfg = Release|Any CPU
		{9EED057C-55A4-448B-BB69-AB90044FCA44}.Release|Any CPU.Build.0 = Release|Any CPU
	EndGlobalSection
	GlobalSection(SolutionProperties) = preSolution
		HideSolutionNode = FALSE
	EndGlobalSection
	GlobalSection(ExtensibilityGlobals) = postSolution
		SolutionGuid = {70364711-2CBC-4AF2-897C-E52636A3E015}
	EndGlobalSection
EndGlobal
